// !$*UTF8*$!
{
	archiveVersion = 1;
	classes = {
	};
	objectVersion = 46;
	objects = {

/* Begin PBXBuildFile section */
		D9FD990C1C44E8CF0005B891 /* AppDelegate.swift in Sources */ = {isa = PBXBuildFile; fileRef = D9FD990B1C44E8CF0005B891 /* AppDelegate.swift */; };
		D9FD990E1C44E8CF0005B891 /* MasterViewController.swift in Sources */ = {isa = PBXBuildFile; fileRef = D9FD990D1C44E8CF0005B891 /* MasterViewController.swift */; };
		D9FD99101C44E8CF0005B891 /* DetailViewController.swift in Sources */ = {isa = PBXBuildFile; fileRef = D9FD990F1C44E8CF0005B891 /* DetailViewController.swift */; };
		D9FD99131C44E8CF0005B891 /* Main.storyboard in Resources */ = {isa = PBXBuildFile; fileRef = D9FD99111C44E8CF0005B891 /* Main.storyboard */; };
		D9FD99151C44E8CF0005B891 /* Assets.xcassets in Resources */ = {isa = PBXBuildFile; fileRef = D9FD99141C44E8CF0005B891 /* Assets.xcassets */; };
		D9FD99181C44E8CF0005B891 /* LaunchScreen.storyboard in Resources */ = {isa = PBXBuildFile; fileRef = D9FD99161C44E8CF0005B891 /* LaunchScreen.storyboard */; };
		D9FD99201C44F1E60005B891 /* LoginViewController.swift in Sources */ = {isa = PBXBuildFile; fileRef = D9FD991F1C44F1E60005B891 /* LoginViewController.swift */; };
		D9FD99221C44F3F10005B891 /* ABYNetwork.swift in Sources */ = {isa = PBXBuildFile; fileRef = D9FD99211C44F3F10005B891 /* ABYNetwork.swift */; };
		D9FD99241C44F4850005B891 /* YTHelper.swift in Sources */ = {isa = PBXBuildFile; fileRef = D9FD99231C44F4850005B891 /* YTHelper.swift */; };
		D9FD99261C44F8C40005B891 /* KeychainAccess.framework in Frameworks */ = {isa = PBXBuildFile; fileRef = D9FD99251C44F8C40005B891 /* KeychainAccess.framework */; };
		D9FD99271C44F8C40005B891 /* KeychainAccess.framework in Embed Frameworks */ = {isa = PBXBuildFile; fileRef = D9FD99251C44F8C40005B891 /* KeychainAccess.framework */; settings = {ATTRIBUTES = (CodeSignOnCopy, RemoveHeadersOnCopy, ); }; };
/* End PBXBuildFile section */

/* Begin PBXCopyFilesBuildPhase section */
		D9FD99281C44F8C40005B891 /* Embed Frameworks */ = {
			isa = PBXCopyFilesBuildPhase;
			buildActionMask = 2147483647;
			dstPath = "";
			dstSubfolderSpec = 10;
			files = (
				D9FD99271C44F8C40005B891 /* KeychainAccess.framework in Embed Frameworks */,
			);
			name = "Embed Frameworks";
			runOnlyForDeploymentPostprocessing = 0;
		};
/* End PBXCopyFilesBuildPhase section */

/* Begin PBXFileReference section */
		D9FD99081C44E8CF0005B891 /* YTBandwagonhost.app */ = {isa = PBXFileReference; explicitFileType = wrapper.application; includeInIndex = 0; path = YTBandwagonhost.app; sourceTree = BUILT_PRODUCTS_DIR; };
		D9FD990B1C44E8CF0005B891 /* AppDelegate.swift */ = {isa = PBXFileReference; lastKnownFileType = sourcecode.swift; path = AppDelegate.swift; sourceTree = "<group>"; };
		D9FD990D1C44E8CF0005B891 /* MasterViewController.swift */ = {isa = PBXFileReference; lastKnownFileType = sourcecode.swift; path = MasterViewController.swift; sourceTree = "<group>"; };
		D9FD990F1C44E8CF0005B891 /* DetailViewController.swift */ = {isa = PBXFileReference; lastKnownFileType = sourcecode.swift; path = DetailViewController.swift; sourceTree = "<group>"; };
		D9FD99121C44E8CF0005B891 /* Base */ = {isa = PBXFileReference; lastKnownFileType = file.storyboard; name = Base; path = Base.lproj/Main.storyboard; sourceTree = "<group>"; };
		D9FD99141C44E8CF0005B891 /* Assets.xcassets */ = {isa = PBXFileReference; lastKnownFileType = folder.assetcatalog; path = Assets.xcassets; sourceTree = "<group>"; };
		D9FD99171C44E8CF0005B891 /* Base */ = {isa = PBXFileReference; lastKnownFileType = file.storyboard; name = Base; path = Base.lproj/LaunchScreen.storyboard; sourceTree = "<group>"; };
		D9FD99191C44E8CF0005B891 /* Info.plist */ = {isa = PBXFileReference; lastKnownFileType = text.plist.xml; path = Info.plist; sourceTree = "<group>"; };
		D9FD991F1C44F1E60005B891 /* LoginViewController.swift */ = {isa = PBXFileReference; fileEncoding = 4; lastKnownFileType = sourcecode.swift; path = LoginViewController.swift; sourceTree = "<group>"; };
		D9FD99211C44F3F10005B891 /* ABYNetwork.swift */ = {isa = PBXFileReference; fileEncoding = 4; lastKnownFileType = sourcecode.swift; path = ABYNetwork.swift; sourceTree = "<group>"; };
		D9FD99231C44F4850005B891 /* YTHelper.swift */ = {isa = PBXFileReference; fileEncoding = 4; lastKnownFileType = sourcecode.swift; path = YTHelper.swift; sourceTree = "<group>"; };
		D9FD99251C44F8C40005B891 /* KeychainAccess.framework */ = {isa = PBXFileReference; lastKnownFileType = wrapper.framework; name = KeychainAccess.framework; path = Carthage/Build/iOS/KeychainAccess.framework; sourceTree = "<group>"; };
/* End PBXFileReference section */

/* Begin PBXFrameworksBuildPhase section */
		D9FD99051C44E8CF0005B891 /* Frameworks */ = {
			isa = PBXFrameworksBuildPhase;
			buildActionMask = 2147483647;
			files = (
				D9FD99261C44F8C40005B891 /* KeychainAccess.framework in Frameworks */,
			);
			runOnlyForDeploymentPostprocessing = 0;
		};
/* End PBXFrameworksBuildPhase section */

/* Begin PBXGroup section */
		D9FD98FF1C44E8CF0005B891 = {
			isa = PBXGroup;
			children = (
				D9FD99251C44F8C40005B891 /* KeychainAccess.framework */,
				D9FD990A1C44E8CF0005B891 /* YTBandwagonhost */,
				D9FD99091C44E8CF0005B891 /* Products */,
			);
			sourceTree = "<group>";
		};
		D9FD99091C44E8CF0005B891 /* Products */ = {
			isa = PBXGroup;
			children = (
				D9FD99081C44E8CF0005B891 /* YTBandwagonhost.app */,
			);
			name = Products;
			sourceTree = "<group>";
		};
		D9FD990A1C44E8CF0005B891 /* YTBandwagonhost */ = {
			isa = PBXGroup;
			children = (
				D9FD990B1C44E8CF0005B891 /* AppDelegate.swift */,
				D9FD990D1C44E8CF0005B891 /* MasterViewController.swift */,
				D9FD990F1C44E8CF0005B891 /* DetailViewController.swift */,
				D9FD991F1C44F1E60005B891 /* LoginViewController.swift */,
				D9FD99211C44F3F10005B891 /* ABYNetwork.swift */,
				D9FD99231C44F4850005B891 /* YTHelper.swift */,
				D9FD99111C44E8CF0005B891 /* Main.storyboard */,
				D9FD99141C44E8CF0005B891 /* Assets.xcassets */,
				D9FD99161C44E8CF0005B891 /* LaunchScreen.storyboard */,
				D9FD99191C44E8CF0005B891 /* Info.plist */,
			);
			path = YTBandwagonhost;
			sourceTree = "<group>";
		};
/* End PBXGroup section */

/* Begin PBXNativeTarget section */
		D9FD99071C44E8CF0005B891 /* YTBandwagonhost */ = {
			isa = PBXNativeTarget;
			buildConfigurationList = D9FD991C1C44E8CF0005B891 /* Build configuration list for PBXNativeTarget "YTBandwagonhost" */;
			buildPhases = (
				D9FD99041C44E8CF0005B891 /* Sources */,
				D9FD99051C44E8CF0005B891 /* Frameworks */,
				D9FD99061C44E8CF0005B891 /* Resources */,
				D9FD99281C44F8C40005B891 /* Embed Frameworks */,
			);
			buildRules = (
			);
			dependencies = (
			);
			name = YTBandwagonhost;
			productName = YTBandwagonhost;
			productReference = D9FD99081C44E8CF0005B891 /* YTBandwagonhost.app */;
			productType = "com.apple.product-type.application";
		};
/* End PBXNativeTarget section */

/* Begin PBXProject section */
		D9FD99001C44E8CF0005B891 /* Project object */ = {
			isa = PBXProject;
			attributes = {
				LastSwiftUpdateCheck = 0720;
				LastUpgradeCheck = 0720;
				ORGANIZATIONNAME = "油条";
				TargetAttributes = {
					D9FD99071C44E8CF0005B891 = {
						CreatedOnToolsVersion = 7.2;
					};
				};
			};
			buildConfigurationList = D9FD99031C44E8CF0005B891 /* Build configuration list for PBXProject "YTBandwagonhost" */;
			compatibilityVersion = "Xcode 3.2";
			developmentRegion = English;
			hasScannedForEncodings = 0;
			knownRegions = (
				en,
				Base,
			);
			mainGroup = D9FD98FF1C44E8CF0005B891;
			productRefGroup = D9FD99091C44E8CF0005B891 /* Products */;
			projectDirPath = "";
			projectRoot = "";
			targets = (
				D9FD99071C44E8CF0005B891 /* YTBandwagonhost */,
			);
		};
/* End PBXProject section */

/* Begin PBXResourcesBuildPhase section */
		D9FD99061C44E8CF0005B891 /* Resources */ = {
			isa = PBXResourcesBuildPhase;
			buildActionMask = 2147483647;
			files = (
				D9FD99181C44E8CF0005B891 /* LaunchScreen.storyboard in Resources */,
				D9FD99151C44E8CF0005B891 /* Assets.xcassets in Resources */,
				D9FD99131C44E8CF0005B891 /* Main.storyboard in Resources */,
			);
			runOnlyForDeploymentPostprocessing = 0;
		};
/* End PBXResourcesBuildPhase section */

/* Begin PBXSourcesBuildPhase section */
		D9FD99041C44E8CF0005B891 /* Sources */ = {
			isa = PBXSourcesBuildPhase;
			buildActionMask = 2147483647;
			files = (
				D9FD99201C44F1E60005B891 /* LoginViewController.swift in Sources */,
				D9FD99221C44F3F10005B891 /* ABYNetwork.swift in Sources */,
				D9FD99101C44E8CF0005B891 /* DetailViewController.swift in Sources */,
				D9FD990E1C44E8CF0005B891 /* MasterViewController.swift in Sources */,
				D9FD99241C44F4850005B891 /* YTHelper.swift in Sources */,
				D9FD990C1C44E8CF0005B891 /* AppDelegate.swift in Sources */,
			);
			runOnlyForDeploymentPostprocessing = 0;
		};
/* End PBXSourcesBuildPhase section */

/* Begin PBXVariantGroup section */
		D9FD99111C44E8CF0005B891 /* Main.storyboard */ = {
			isa = PBXVariantGroup;
			children = (
				D9FD99121C44E8CF0005B891 /* Base */,
			);
			name = Main.storyboard;
			sourceTree = "<group>";
		};
		D9FD99161C44E8CF0005B891 /* LaunchScreen.storyboard */ = {
			isa = PBXVariantGroup;
			children = (
				D9FD99171C44E8CF0005B891 /* Base */,
			);
			name = LaunchScreen.storyboard;
			sourceTree = "<group>";
		};
/* End PBXVariantGroup section */

/* Begin XCBuildConfiguration section */
		D9FD991A1C44E8CF0005B891 /* Debug */ = {
			isa = XCBuildConfiguration;
			buildSettings = {
				ALWAYS_SEARCH_USER_PATHS = NO;
				CLANG_CXX_LANGUAGE_STANDARD = "gnu++0x";
				CLANG_CXX_LIBRARY = "libc++";
				CLANG_ENABLE_MODULES = YES;
				CLANG_ENABLE_OBJC_ARC = YES;
				CLANG_WARN_BOOL_CONVERSION = YES;
				CLANG_WARN_CONSTANT_CONVERSION = YES;
				CLANG_WARN_DIRECT_OBJC_ISA_USAGE = YES_ERROR;
				CLANG_WARN_EMPTY_BODY = YES;
				CLANG_WARN_ENUM_CONVERSION = YES;
				CLANG_WARN_INT_CONVERSION = YES;
				CLANG_WARN_OBJC_ROOT_CLASS = YES_ERROR;
				CLANG_WARN_UNREACHABLE_CODE = YES;
				CLANG_WARN__DUPLICATE_METHOD_MATCH = YES;
				"CODE_SIGN_IDENTITY[sdk=iphoneos*]" = "iPhone Developer";
				COPY_PHASE_STRIP = NO;
				DEBUG_INFORMATION_FORMAT = dwarf;
				ENABLE_STRICT_OBJC_MSGSEND = YES;
				ENABLE_TESTABILITY = YES;
				GCC_C_LANGUAGE_STANDARD = gnu99;
				GCC_DYNAMIC_NO_PIC = NO;
				GCC_NO_COMMON_BLOCKS = YES;
				GCC_OPTIMIZATION_LEVEL = 0;
				GCC_PREPROCESSOR_DEFINITIONS = (
					"DEBUG=1",
					"$(inherited)",
				);
				GCC_WARN_64_TO_32_BIT_CONVERSION = YES;
				GCC_WARN_ABOUT_RETURN_TYPE = YES_ERROR;
				GCC_WARN_UNDECLARED_SELECTOR = YES;
				GCC_WARN_UNINITIALIZED_AUTOS = YES_AGGRESSIVE;
				GCC_WARN_UNUSED_FUNCTION = YES;
				GCC_WARN_UNUSED_VARIABLE = YES;
				IPHONEOS_DEPLOYMENT_TARGET = 9.2;
				MTL_ENABLE_DEBUG_INFO = YES;
				ONLY_ACTIVE_ARCH = YES;
				SDKROOT = iphoneos;
				SWIFT_OPTIMIZATION_LEVEL = "-Onone";
			};
			name = Debug;
		};
		D9FD991B1C44E8CF0005B891 /* Release */ = {
			isa = XCBuildConfiguration;
			buildSettings = {
				ALWAYS_SEARCH_USER_PATHS = NO;
				CLANG_CXX_LANGUAGE_STANDARD = "gnu++0x";
				CLANG_CXX_LIBRARY = "libc++";
				CLANG_ENABLE_MODULES = YES;
				CLANG_ENABLE_OBJC_ARC = YES;
				CLANG_WARN_BOOL_CONVERSION = YES;
				CLANG_WARN_CONSTANT_CONVERSION = YES;
				CLANG_WARN_DIRECT_OBJC_ISA_USAGE = YES_ERROR;
				CLANG_WARN_EMPTY_BODY = YES;
				CLANG_WARN_ENUM_CONVERSION = YES;
				CLANG_WARN_INT_CONVERSION = YES;
				CLANG_WARN_OBJC_ROOT_CLASS = YES_ERROR;
				CLANG_WARN_UNREACHABLE_CODE = YES;
				CLANG_WARN__DUPLICATE_METHOD_MATCH = YES;
				"CODE_SIGN_IDENTITY[sdk=iphoneos*]" = "iPhone Developer";
				COPY_PHASE_STRIP = NO;
				DEBUG_INFORMATION_FORMAT = "dwarf-with-dsym";
				ENABLE_NS_ASSERTIONS = NO;
				ENABLE_STRICT_OBJC_MSGSEND = YES;
				GCC_C_LANGUAGE_STANDARD = gnu99;
				GCC_NO_COMMON_BLOCKS = YES;
				GCC_WARN_64_TO_32_BIT_CONVERSION = YES;
				GCC_WARN_ABOUT_RETURN_TYPE = YES_ERROR;
				GCC_WARN_UNDECLARED_SELECTOR = YES;
				GCC_WARN_UNINITIALIZED_AUTOS = YES_AGGRESSIVE;
				GCC_WARN_UNUSED_FUNCTION = YES;
				GCC_WARN_UNUSED_VARIABLE = YES;
				IPHONEOS_DEPLOYMENT_TARGET = 9.2;
				MTL_ENABLE_DEBUG_INFO = NO;
				SDKROOT = iphoneos;
				VALIDATE_PRODUCT = YES;
			};
			name = Release;
		};
		D9FD991D1C44E8CF0005B891 /* Debug */ = {
			isa = XCBuildConfiguration;
			buildSettings = {
				ASSETCATALOG_COMPILER_APPICON_NAME = AppIcon;
				FRAMEWORK_SEARCH_PATHS = (
					"$(inherited)",
					"$(PROJECT_DIR)/Carthage/Build/iOS",
				);
				INFOPLIST_FILE = YTBandwagonhost/Info.plist;
				LD_RUNPATH_SEARCH_PATHS = "$(inherited) @executable_path/Frameworks";
				PRODUCT_BUNDLE_IDENTIFIER = hwh.YTBandwagonhost;
				PRODUCT_NAME = "$(TARGET_NAME)";
			};
			name = Debug;
		};
		D9FD991E1C44E8CF0005B891 /* Release */ = {
			isa = XCBuildConfiguration;
			buildSettings = {
				ASSETCATALOG_COMPILER_APPICON_NAME = AppIcon;
				FRAMEWORK_SEARCH_PATHS = (
					"$(inherited)",
					"$(PROJECT_DIR)/Carthage/Build/iOS",
				);
				INFOPLIST_FILE = YTBandwagonhost/Info.plist;
				LD_RUNPATH_SEARCH_PATHS = "$(inherited) @executable_path/Frameworks";
				PRODUCT_BUNDLE_IDENTIFIER = hwh.YTBandwagonhost;
				PRODUCT_NAME = "$(TARGET_NAME)";
			};
			name = Release;
		};
/* End XCBuildConfiguration section */

/* Begin XCConfigurationList section */
		D9FD99031C44E8CF0005B891 /* Build configuration list for PBXProject "YTBandwagonhost" */ = {
			isa = XCConfigurationList;
			buildConfigurations = (
				D9FD991A1C44E8CF0005B891 /* Debug */,
				D9FD991B1C44E8CF0005B891 /* Release */,
			);
			defaultConfigurationIsVisible = 0;
			defaultConfigurationName = Release;
		};
		D9FD991C1C44E8CF0005B891 /* Build configuration list for PBXNativeTarget "YTBandwagonhost" */ = {
			isa = XCConfigurationList;
			buildConfigurations = (
				D9FD991D1C44E8CF0005B891 /* Debug */,
				D9FD991E1C44E8CF0005B891 /* Release */,
			);
			defaultConfigurationIsVisible = 0;
		};
/* End XCConfigurationList section */
	};
	rootObject = D9FD99001C44E8CF0005B891 /* Project object */;
}
